// !$*UTF8*$!
{
	archiveVersion = 1;
	classes = {
	};
	objectVersion = 50;
	objects = {

/* Begin PBXBuildFile section */
		8332EA8A22CF41280033D55F /* UIActivityIndicatorView+FlashUI.swift in Sources */ = {isa = PBXBuildFile; fileRef = 8332EA8922CF41280033D55F /* UIActivityIndicatorView+FlashUI.swift */; };
		8371867122CBC27C00C438F7 /* UITextField+FlashUI.swift in Sources */ = {isa = PBXBuildFile; fileRef = 8371867022CBC27C00C438F7 /* UITextField+FlashUI.swift */; };
		83DC6F5922CB59F1003A7A97 /* UISearchBar+FlashUI.swift in Sources */ = {isa = PBXBuildFile; fileRef = 83DC6F5822CB59F1003A7A97 /* UISearchBar+FlashUI.swift */; };
		83E799DF22C7E0A200BB2737 /* AppDelegate.swift in Sources */ = {isa = PBXBuildFile; fileRef = 83E799DE22C7E0A200BB2737 /* AppDelegate.swift */; };
		83E799E122C7E0A200BB2737 /* ViewController.swift in Sources */ = {isa = PBXBuildFile; fileRef = 83E799E022C7E0A200BB2737 /* ViewController.swift */; };
		83E799E422C7E0A200BB2737 /* Main.storyboard in Resources */ = {isa = PBXBuildFile; fileRef = 83E799E222C7E0A200BB2737 /* Main.storyboard */; };
		83E799E622C7E0A300BB2737 /* Assets.xcassets in Resources */ = {isa = PBXBuildFile; fileRef = 83E799E522C7E0A300BB2737 /* Assets.xcassets */; };
		83E799E922C7E0A300BB2737 /* LaunchScreen.storyboard in Resources */ = {isa = PBXBuildFile; fileRef = 83E799E722C7E0A300BB2737 /* LaunchScreen.storyboard */; };
		83E799F422C7E0A400BB2737 /* FlashUITests.swift in Sources */ = {isa = PBXBuildFile; fileRef = 83E799F322C7E0A400BB2737 /* FlashUITests.swift */; };
		83E799FF22C7E0A400BB2737 /* FlashUIUITests.swift in Sources */ = {isa = PBXBuildFile; fileRef = 83E799FE22C7E0A400BB2737 /* FlashUIUITests.swift */; };
		83E79A0E22C7E0BD00BB2737 /* UIView+FlashUI.swift in Sources */ = {isa = PBXBuildFile; fileRef = 83E79A0D22C7E0BD00BB2737 /* UIView+FlashUI.swift */; };
		83E79A1022C7E23D00BB2737 /* UIImageView+FlashUI.swift in Sources */ = {isa = PBXBuildFile; fileRef = 83E79A0F22C7E23D00BB2737 /* UIImageView+FlashUI.swift */; };
		83E79A1222C7E32A00BB2737 /* UIButton+FlashUI.swift in Sources */ = {isa = PBXBuildFile; fileRef = 83E79A1122C7E32A00BB2737 /* UIButton+FlashUI.swift */; };
		83E79A1422C7E56400BB2737 /* UILabel+FlashUI.swift in Sources */ = {isa = PBXBuildFile; fileRef = 83E79A1322C7E56400BB2737 /* UILabel+FlashUI.swift */; };
		83E79A1622C7E63E00BB2737 /* UIScrollView+FlashUI.swift in Sources */ = {isa = PBXBuildFile; fileRef = 83E79A1522C7E63E00BB2737 /* UIScrollView+FlashUI.swift */; };
		83E79A1822C7E74500BB2737 /* UICollectionView+FlashUI.swift in Sources */ = {isa = PBXBuildFile; fileRef = 83E79A1722C7E74500BB2737 /* UICollectionView+FlashUI.swift */; };
		83E79A1A22C7E81500BB2737 /* UIStackView+FlashUI.swift in Sources */ = {isa = PBXBuildFile; fileRef = 83E79A1922C7E81500BB2737 /* UIStackView+FlashUI.swift */; };
/* End PBXBuildFile section */

/* Begin PBXContainerItemProxy section */
		83E799F022C7E0A400BB2737 /* PBXContainerItemProxy */ = {
			isa = PBXContainerItemProxy;
			containerPortal = 83E799D322C7E0A200BB2737 /* Project object */;
			proxyType = 1;
			remoteGlobalIDString = 83E799DA22C7E0A200BB2737;
			remoteInfo = FlashUI;
		};
		83E799FB22C7E0A400BB2737 /* PBXContainerItemProxy */ = {
			isa = PBXContainerItemProxy;
			containerPortal = 83E799D322C7E0A200BB2737 /* Project object */;
			proxyType = 1;
			remoteGlobalIDString = 83E799DA22C7E0A200BB2737;
			remoteInfo = FlashUI;
		};
/* End PBXContainerItemProxy section */

/* Begin PBXFileReference section */
		8332EA8922CF41280033D55F /* UIActivityIndicatorView+FlashUI.swift */ = {isa = PBXFileReference; lastKnownFileType = sourcecode.swift; path = "UIActivityIndicatorView+FlashUI.swift"; sourceTree = "<group>"; };
		8371867022CBC27C00C438F7 /* UITextField+FlashUI.swift */ = {isa = PBXFileReference; fileEncoding = 4; lastKnownFileType = sourcecode.swift; path = "UITextField+FlashUI.swift"; sourceTree = "<group>"; };
		83DC6F5822CB59F1003A7A97 /* UISearchBar+FlashUI.swift */ = {isa = PBXFileReference; fileEncoding = 4; lastKnownFileType = sourcecode.swift; path = "UISearchBar+FlashUI.swift"; sourceTree = "<group>"; };
		83E799DB22C7E0A200BB2737 /* FlashUI.app */ = {isa = PBXFileReference; explicitFileType = wrapper.application; includeInIndex = 0; path = FlashUI.app; sourceTree = BUILT_PRODUCTS_DIR; };
		83E799DE22C7E0A200BB2737 /* AppDelegate.swift */ = {isa = PBXFileReference; lastKnownFileType = sourcecode.swift; path = AppDelegate.swift; sourceTree = "<group>"; };
		83E799E022C7E0A200BB2737 /* ViewController.swift */ = {isa = PBXFileReference; lastKnownFileType = sourcecode.swift; path = ViewController.swift; sourceTree = "<group>"; };
		83E799E322C7E0A200BB2737 /* Base */ = {isa = PBXFileReference; lastKnownFileType = file.storyboard; name = Base; path = Base.lproj/Main.storyboard; sourceTree = "<group>"; };
		83E799E522C7E0A300BB2737 /* Assets.xcassets */ = {isa = PBXFileReference; lastKnownFileType = folder.assetcatalog; path = Assets.xcassets; sourceTree = "<group>"; };
		83E799E822C7E0A300BB2737 /* Base */ = {isa = PBXFileReference; lastKnownFileType = file.storyboard; name = Base; path = Base.lproj/LaunchScreen.storyboard; sourceTree = "<group>"; };
		83E799EA22C7E0A300BB2737 /* Info.plist */ = {isa = PBXFileReference; lastKnownFileType = text.plist.xml; path = Info.plist; sourceTree = "<group>"; };
		83E799EF22C7E0A400BB2737 /* FlashUITests.xctest */ = {isa = PBXFileReference; explicitFileType = wrapper.cfbundle; includeInIndex = 0; path = FlashUITests.xctest; sourceTree = BUILT_PRODUCTS_DIR; };
		83E799F322C7E0A400BB2737 /* FlashUITests.swift */ = {isa = PBXFileReference; lastKnownFileType = sourcecode.swift; path = FlashUITests.swift; sourceTree = "<group>"; };
		83E799F522C7E0A400BB2737 /* Info.plist */ = {isa = PBXFileReference; lastKnownFileType = text.plist.xml; path = Info.plist; sourceTree = "<group>"; };
		83E799FA22C7E0A400BB2737 /* FlashUIUITests.xctest */ = {isa = PBXFileReference; explicitFileType = wrapper.cfbundle; includeInIndex = 0; path = FlashUIUITests.xctest; sourceTree = BUILT_PRODUCTS_DIR; };
		83E799FE22C7E0A400BB2737 /* FlashUIUITests.swift */ = {isa = PBXFileReference; lastKnownFileType = sourcecode.swift; path = FlashUIUITests.swift; sourceTree = "<group>"; };
		83E79A0022C7E0A400BB2737 /* Info.plist */ = {isa = PBXFileReference; lastKnownFileType = text.plist.xml; path = Info.plist; sourceTree = "<group>"; };
		83E79A0D22C7E0BD00BB2737 /* UIView+FlashUI.swift */ = {isa = PBXFileReference; fileEncoding = 4; lastKnownFileType = sourcecode.swift; path = "UIView+FlashUI.swift"; sourceTree = "<group>"; };
		83E79A0F22C7E23D00BB2737 /* UIImageView+FlashUI.swift */ = {isa = PBXFileReference; lastKnownFileType = sourcecode.swift; path = "UIImageView+FlashUI.swift"; sourceTree = "<group>"; };
		83E79A1122C7E32A00BB2737 /* UIButton+FlashUI.swift */ = {isa = PBXFileReference; lastKnownFileType = sourcecode.swift; path = "UIButton+FlashUI.swift"; sourceTree = "<group>"; };
		83E79A1322C7E56400BB2737 /* UILabel+FlashUI.swift */ = {isa = PBXFileReference; lastKnownFileType = sourcecode.swift; path = "UILabel+FlashUI.swift"; sourceTree = "<group>"; };
		83E79A1522C7E63E00BB2737 /* UIScrollView+FlashUI.swift */ = {isa = PBXFileReference; lastKnownFileType = sourcecode.swift; path = "UIScrollView+FlashUI.swift"; sourceTree = "<group>"; };
		83E79A1722C7E74500BB2737 /* UICollectionView+FlashUI.swift */ = {isa = PBXFileReference; lastKnownFileType = sourcecode.swift; path = "UICollectionView+FlashUI.swift"; sourceTree = "<group>"; };
		83E79A1922C7E81500BB2737 /* UIStackView+FlashUI.swift */ = {isa = PBXFileReference; lastKnownFileType = sourcecode.swift; path = "UIStackView+FlashUI.swift"; sourceTree = "<group>"; };
/* End PBXFileReference section */

/* Begin PBXFrameworksBuildPhase section */
		83E799D822C7E0A200BB2737 /* Frameworks */ = {
			isa = PBXFrameworksBuildPhase;
			buildActionMask = 2147483647;
			files = (
			);
			runOnlyForDeploymentPostprocessing = 0;
		};
		83E799EC22C7E0A400BB2737 /* Frameworks */ = {
			isa = PBXFrameworksBuildPhase;
			buildActionMask = 2147483647;
			files = (
			);
			runOnlyForDeploymentPostprocessing = 0;
		};
		83E799F722C7E0A400BB2737 /* Frameworks */ = {
			isa = PBXFrameworksBuildPhase;
			buildActionMask = 2147483647;
			files = (
			);
			runOnlyForDeploymentPostprocessing = 0;
		};
/* End PBXFrameworksBuildPhase section */

/* Begin PBXGroup section */
		83E799D222C7E0A200BB2737 = {
			isa = PBXGroup;
			children = (
				83E799DD22C7E0A200BB2737 /* FlashUI */,
				83E799F222C7E0A400BB2737 /* FlashUITests */,
				83E799FD22C7E0A400BB2737 /* FlashUIUITests */,
				83E799DC22C7E0A200BB2737 /* Products */,
			);
			sourceTree = "<group>";
		};
		83E799DC22C7E0A200BB2737 /* Products */ = {
			isa = PBXGroup;
			children = (
				83E799DB22C7E0A200BB2737 /* FlashUI.app */,
				83E799EF22C7E0A400BB2737 /* FlashUITests.xctest */,
				83E799FA22C7E0A400BB2737 /* FlashUIUITests.xctest */,
			);
			name = Products;
			sourceTree = "<group>";
		};
		83E799DD22C7E0A200BB2737 /* FlashUI */ = {
			isa = PBXGroup;
			children = (
				83E79A0C22C7E0AD00BB2737 /* Source */,
				83E799DE22C7E0A200BB2737 /* AppDelegate.swift */,
				83E799E022C7E0A200BB2737 /* ViewController.swift */,
				83E799E222C7E0A200BB2737 /* Main.storyboard */,
				83E799E522C7E0A300BB2737 /* Assets.xcassets */,
				83E799E722C7E0A300BB2737 /* LaunchScreen.storyboard */,
				83E799EA22C7E0A300BB2737 /* Info.plist */,
			);
			path = FlashUI;
			sourceTree = "<group>";
		};
		83E799F222C7E0A400BB2737 /* FlashUITests */ = {
			isa = PBXGroup;
			children = (
				83E799F322C7E0A400BB2737 /* FlashUITests.swift */,
				83E799F522C7E0A400BB2737 /* Info.plist */,
			);
			path = FlashUITests;
			sourceTree = "<group>";
		};
		83E799FD22C7E0A400BB2737 /* FlashUIUITests */ = {
			isa = PBXGroup;
			children = (
				83E799FE22C7E0A400BB2737 /* FlashUIUITests.swift */,
				83E79A0022C7E0A400BB2737 /* Info.plist */,
			);
			path = FlashUIUITests;
			sourceTree = "<group>";
		};
		83E79A0C22C7E0AD00BB2737 /* Source */ = {
			isa = PBXGroup;
			children = (
				83E79A0D22C7E0BD00BB2737 /* UIView+FlashUI.swift */,
				83E79A1322C7E56400BB2737 /* UILabel+FlashUI.swift */,
				83DC6F5822CB59F1003A7A97 /* UISearchBar+FlashUI.swift */,
				83E79A0F22C7E23D00BB2737 /* UIImageView+FlashUI.swift */,
				83E79A1122C7E32A00BB2737 /* UIButton+FlashUI.swift */,
				83E79A1522C7E63E00BB2737 /* UIScrollView+FlashUI.swift */,
				83E79A1722C7E74500BB2737 /* UICollectionView+FlashUI.swift */,
				83E79A1922C7E81500BB2737 /* UIStackView+FlashUI.swift */,
				8371867022CBC27C00C438F7 /* UITextField+FlashUI.swift */,
				8332EA8922CF41280033D55F /* UIActivityIndicatorView+FlashUI.swift */,
			);
			path = Source;
			sourceTree = "<group>";
		};
/* End PBXGroup section */

/* Begin PBXNativeTarget section */
		83E799DA22C7E0A200BB2737 /* FlashUI */ = {
			isa = PBXNativeTarget;
			buildConfigurationList = 83E79A0322C7E0A400BB2737 /* Build configuration list for PBXNativeTarget "FlashUI" */;
			buildPhases = (
				83E799D722C7E0A200BB2737 /* Sources */,
				83E799D822C7E0A200BB2737 /* Frameworks */,
				83E799D922C7E0A200BB2737 /* Resources */,
			);
			buildRules = (
			);
			dependencies = (
			);
			name = FlashUI;
			productName = FlashUI;
			productReference = 83E799DB22C7E0A200BB2737 /* FlashUI.app */;
			productType = "com.apple.product-type.application";
		};
		83E799EE22C7E0A400BB2737 /* FlashUITests */ = {
			isa = PBXNativeTarget;
			buildConfigurationList = 83E79A0622C7E0A400BB2737 /* Build configuration list for PBXNativeTarget "FlashUITests" */;
			buildPhases = (
				83E799EB22C7E0A400BB2737 /* Sources */,
				83E799EC22C7E0A400BB2737 /* Frameworks */,
				83E799ED22C7E0A400BB2737 /* Resources */,
			);
			buildRules = (
			);
			dependencies = (
				83E799F122C7E0A400BB2737 /* PBXTargetDependency */,
			);
			name = FlashUITests;
			productName = FlashUITests;
			productReference = 83E799EF22C7E0A400BB2737 /* FlashUITests.xctest */;
			productType = "com.apple.product-type.bundle.unit-test";
		};
		83E799F922C7E0A400BB2737 /* FlashUIUITests */ = {
			isa = PBXNativeTarget;
			buildConfigurationList = 83E79A0922C7E0A400BB2737 /* Build configuration list for PBXNativeTarget "FlashUIUITests" */;
			buildPhases = (
				83E799F622C7E0A400BB2737 /* Sources */,
				83E799F722C7E0A400BB2737 /* Frameworks */,
				83E799F822C7E0A400BB2737 /* Resources */,
			);
			buildRules = (
			);
			dependencies = (
				83E799FC22C7E0A400BB2737 /* PBXTargetDependency */,
			);
			name = FlashUIUITests;
			productName = FlashUIUITests;
			productReference = 83E799FA22C7E0A400BB2737 /* FlashUIUITests.xctest */;
			productType = "com.apple.product-type.bundle.ui-testing";
		};
/* End PBXNativeTarget section */

/* Begin PBXProject section */
		83E799D322C7E0A200BB2737 /* Project object */ = {
			isa = PBXProject;
			attributes = {
				LastSwiftUpdateCheck = 1020;
				LastUpgradeCheck = 1020;
				ORGANIZATIONNAME = upmer;
				TargetAttributes = {
					83E799DA22C7E0A200BB2737 = {
						CreatedOnToolsVersion = 10.2.1;
					};
					83E799EE22C7E0A400BB2737 = {
						CreatedOnToolsVersion = 10.2.1;
						TestTargetID = 83E799DA22C7E0A200BB2737;
					};
					83E799F922C7E0A400BB2737 = {
						CreatedOnToolsVersion = 10.2.1;
						TestTargetID = 83E799DA22C7E0A200BB2737;
					};
				};
			};
			buildConfigurationList = 83E799D622C7E0A200BB2737 /* Build configuration list for PBXProject "FlashUI" */;
			compatibilityVersion = "Xcode 9.3";
			developmentRegion = en;
			hasScannedForEncodings = 0;
			knownRegions = (
				en,
				Base,
			);
			mainGroup = 83E799D222C7E0A200BB2737;
			productRefGroup = 83E799DC22C7E0A200BB2737 /* Products */;
			projectDirPath = "";
			projectRoot = "";
			targets = (
				83E799DA22C7E0A200BB2737 /* FlashUI */,
				83E799EE22C7E0A400BB2737 /* FlashUITests */,
				83E799F922C7E0A400BB2737 /* FlashUIUITests */,
			);
		};
/* End PBXProject section */

/* Begin PBXResourcesBuildPhase section */
		83E799D922C7E0A200BB2737 /* Resources */ = {
			isa = PBXResourcesBuildPhase;
			buildActionMask = 2147483647;
			files = (
				83E799E922C7E0A300BB2737 /* LaunchScreen.storyboard in Resources */,
				83E799E622C7E0A300BB2737 /* Assets.xcassets in Resources */,
				83E799E422C7E0A200BB2737 /* Main.storyboard in Resources */,
			);
			runOnlyForDeploymentPostprocessing = 0;
		};
		83E799ED22C7E0A400BB2737 /* Resources */ = {
			isa = PBXResourcesBuildPhase;
			buildActionMask = 2147483647;
			files = (
			);
			runOnlyForDeploymentPostprocessing = 0;
		};
		83E799F822C7E0A400BB2737 /* Resources */ = {
			isa = PBXResourcesBuildPhase;
			buildActionMask = 2147483647;
			files = (
			);
			runOnlyForDeploymentPostprocessing = 0;
		};
/* End PBXResourcesBuildPhase section */

/* Begin PBXSourcesBuildPhase section */
		83E799D722C7E0A200BB2737 /* Sources */ = {
			isa = PBXSourcesBuildPhase;
			buildActionMask = 2147483647;
			files = (
				83E79A1222C7E32A00BB2737 /* UIButton+FlashUI.swift in Sources */,
				83E79A0E22C7E0BD00BB2737 /* UIView+FlashUI.swift in Sources */,
				8332EA8A22CF41280033D55F /* UIActivityIndicatorView+FlashUI.swift in Sources */,
				83E799E122C7E0A200BB2737 /* ViewController.swift in Sources */,
				83E79A1A22C7E81500BB2737 /* UIStackView+FlashUI.swift in Sources */,
				83DC6F5922CB59F1003A7A97 /* UISearchBar+FlashUI.swift in Sources */,
				83E799DF22C7E0A200BB2737 /* AppDelegate.swift in Sources */,
				83E79A1422C7E56400BB2737 /* UILabel+FlashUI.swift in Sources */,
				83E79A1622C7E63E00BB2737 /* UIScrollView+FlashUI.swift in Sources */,
				83E79A1822C7E74500BB2737 /* UICollectionView+FlashUI.swift in Sources */,
				8371867122CBC27C00C438F7 /* UITextField+FlashUI.swift in Sources */,
				83E79A1022C7E23D00BB2737 /* UIImageView+FlashUI.swift in Sources */,
			);
			runOnlyForDeploymentPostprocessing = 0;
		};
		83E799EB22C7E0A400BB2737 /* Sources */ = {
			isa = PBXSourcesBuildPhase;
			buildActionMask = 2147483647;
			files = (
				83E799F422C7E0A400BB2737 /* FlashUITests.swift in Sources */,
			);
			runOnlyForDeploymentPostprocessing = 0;
		};
		83E799F622C7E0A400BB2737 /* Sources */ = {
			isa = PBXSourcesBuildPhase;
			buildActionMask = 2147483647;
			files = (
				83E799FF22C7E0A400BB2737 /* FlashUIUITests.swift in Sources */,
			);
			runOnlyForDeploymentPostprocessing = 0;
		};
/* End PBXSourcesBuildPhase section */

/* Begin PBXTargetDependency section */
		83E799F122C7E0A400BB2737 /* PBXTargetDependency */ = {
			isa = PBXTargetDependency;
			target = 83E799DA22C7E0A200BB2737 /* FlashUI */;
			targetProxy = 83E799F022C7E0A400BB2737 /* PBXContainerItemProxy */;
		};
		83E799FC22C7E0A400BB2737 /* PBXTargetDependency */ = {
			isa = PBXTargetDependency;
			target = 83E799DA22C7E0A200BB2737 /* FlashUI */;
			targetProxy = 83E799FB22C7E0A400BB2737 /* PBXContainerItemProxy */;
		};
/* End PBXTargetDependency section */

/* Begin PBXVariantGroup section */
		83E799E222C7E0A200BB2737 /* Main.storyboard */ = {
			isa = PBXVariantGroup;
			children = (
				83E799E322C7E0A200BB2737 /* Base */,
			);
			name = Main.storyboard;
			sourceTree = "<group>";
		};
		83E799E722C7E0A300BB2737 /* LaunchScreen.storyboard */ = {
			isa = PBXVariantGroup;
			children = (
				83E799E822C7E0A300BB2737 /* Base */,
			);
			name = LaunchScreen.storyboard;
			sourceTree = "<group>";
		};
/* End PBXVariantGroup section */

/* Begin XCBuildConfiguration section */
		83E79A0122C7E0A400BB2737 /* Debug */ = {
			isa = XCBuildConfiguration;
			buildSettings = {
				ALWAYS_SEARCH_USER_PATHS = NO;
				CLANG_ANALYZER_NONNULL = YES;
				CLANG_ANALYZER_NUMBER_OBJECT_CONVERSION = YES_AGGRESSIVE;
				CLANG_CXX_LANGUAGE_STANDARD = "gnu++14";
				CLANG_CXX_LIBRARY = "libc++";
				CLANG_ENABLE_MODULES = YES;
				CLANG_ENABLE_OBJC_ARC = YES;
				CLANG_ENABLE_OBJC_WEAK = YES;
				CLANG_WARN_BLOCK_CAPTURE_AUTORELEASING = YES;
				CLANG_WARN_BOOL_CONVERSION = YES;
				CLANG_WARN_COMMA = YES;
				CLANG_WARN_CONSTANT_CONVERSION = YES;
				CLANG_WARN_DEPRECATED_OBJC_IMPLEMENTATIONS = YES;
				CLANG_WARN_DIRECT_OBJC_ISA_USAGE = YES_ERROR;
				CLANG_WARN_DOCUMENTATION_COMMENTS = YES;
				CLANG_WARN_EMPTY_BODY = YES;
				CLANG_WARN_ENUM_CONVERSION = YES;
				CLANG_WARN_INFINITE_RECURSION = YES;
				CLANG_WARN_INT_CONVERSION = YES;
				CLANG_WARN_NON_LITERAL_NULL_CONVERSION = YES;
				CLANG_WARN_OBJC_IMPLICIT_RETAIN_SELF = YES;
				CLANG_WARN_OBJC_LITERAL_CONVERSION = YES;
				CLANG_WARN_OBJC_ROOT_CLASS = YES_ERROR;
				CLANG_WARN_RANGE_LOOP_ANALYSIS = YES;
				CLANG_WARN_STRICT_PROTOTYPES = YES;
				CLANG_WARN_SUSPICIOUS_MOVE = YES;
				CLANG_WARN_UNGUARDED_AVAILABILITY = YES_AGGRESSIVE;
				CLANG_WARN_UNREACHABLE_CODE = YES;
				CLANG_WARN__DUPLICATE_METHOD_MATCH = YES;
				CODE_SIGN_IDENTITY = "iPhone Developer";
				COPY_PHASE_STRIP = NO;
				DEBUG_INFORMATION_FORMAT = dwarf;
				ENABLE_STRICT_OBJC_MSGSEND = YES;
				ENABLE_TESTABILITY = YES;
				GCC_C_LANGUAGE_STANDARD = gnu11;
				GCC_DYNAMIC_NO_PIC = NO;
				GCC_NO_COMMON_BLOCKS = YES;
				GCC_OPTIMIZATION_LEVEL = 0;
				GCC_PREPROCESSOR_DEFINITIONS = (
					"DEBUG=1",
					"$(inherited)",
				);
				GCC_WARN_64_TO_32_BIT_CONVERSION = YES;
				GCC_WARN_ABOUT_RETURN_TYPE = YES_ERROR;
				GCC_WARN_UNDECLARED_SELECTOR = YES;
				GCC_WARN_UNINITIALIZED_AUTOS = YES_AGGRESSIVE;
				GCC_WARN_UNUSED_FUNCTION = YES;
				GCC_WARN_UNUSED_VARIABLE = YES;
				IPHONEOS_DEPLOYMENT_TARGET = 12.2;
				MTL_ENABLE_DEBUG_INFO = INCLUDE_SOURCE;
				MTL_FAST_MATH = YES;
				ONLY_ACTIVE_ARCH = YES;
				SDKROOT = iphoneos;
				SWIFT_ACTIVE_COMPILATION_CONDITIONS = DEBUG;
				SWIFT_OPTIMIZATION_LEVEL = "-Onone";
			};
			name = Debug;
		};
		83E79A0222C7E0A400BB2737 /* Release */ = {
			isa = XCBuildConfiguration;
			buildSettings = {
				ALWAYS_SEARCH_USER_PATHS = NO;
				CLANG_ANALYZER_NONNULL = YES;
				CLANG_ANALYZER_NUMBER_OBJECT_CONVERSION = YES_AGGRESSIVE;
				CLANG_CXX_LANGUAGE_STANDARD = "gnu++14";
				CLANG_CXX_LIBRARY = "libc++";
				CLANG_ENABLE_MODULES = YES;
				CLANG_ENABLE_OBJC_ARC = YES;
				CLANG_ENABLE_OBJC_WEAK = YES;
				CLANG_WARN_BLOCK_CAPTURE_AUTORELEASING = YES;
				CLANG_WARN_BOOL_CONVERSION = YES;
				CLANG_WARN_COMMA = YES;
				CLANG_WARN_CONSTANT_CONVERSION = YES;
				CLANG_WARN_DEPRECATED_OBJC_IMPLEMENTATIONS = YES;
				CLANG_WARN_DIRECT_OBJC_ISA_USAGE = YES_ERROR;
				CLANG_WARN_DOCUMENTATION_COMMENTS = YES;
				CLANG_WARN_EMPTY_BODY = YES;
				CLANG_WARN_ENUM_CONVERSION = YES;
				CLANG_WARN_INFINITE_RECURSION = YES;
				CLANG_WARN_INT_CONVERSION = YES;
				CLANG_WARN_NON_LITERAL_NULL_CONVERSION = YES;
				CLANG_WARN_OBJC_IMPLICIT_RETAIN_SELF = YES;
				CLANG_WARN_OBJC_LITERAL_CONVERSION = YES;
				CLANG_WARN_OBJC_ROOT_CLASS = YES_ERROR;
				CLANG_WARN_RANGE_LOOP_ANALYSIS = YES;
				CLANG_WARN_STRICT_PROTOTYPES = YES;
				CLANG_WARN_SUSPICIOUS_MOVE = YES;
				CLANG_WARN_UNGUARDED_AVAILABILITY = YES_AGGRESSIVE;
				CLANG_WARN_UNREACHABLE_CODE = YES;
				CLANG_WARN__DUPLICATE_METHOD_MATCH = YES;
				CODE_SIGN_IDENTITY = "iPhone Developer";
				COPY_PHASE_STRIP = NO;
				DEBUG_INFORMATION_FORMAT = "dwarf-with-dsym";
				ENABLE_NS_ASSERTIONS = NO;
				ENABLE_STRICT_OBJC_MSGSEND = YES;
				GCC_C_LANGUAGE_STANDARD = gnu11;
				GCC_NO_COMMON_BLOCKS = YES;
				GCC_WARN_64_TO_32_BIT_CONVERSION = YES;
				GCC_WARN_ABOUT_RETURN_TYPE = YES_ERROR;
				GCC_WARN_UNDECLARED_SELECTOR = YES;
				GCC_WARN_UNINITIALIZED_AUTOS = YES_AGGRESSIVE;
				GCC_WARN_UNUSED_FUNCTION = YES;
				GCC_WARN_UNUSED_VARIABLE = YES;
				IPHONEOS_DEPLOYMENT_TARGET = 12.2;
				MTL_ENABLE_DEBUG_INFO = NO;
				MTL_FAST_MATH = YES;
				SDKROOT = iphoneos;
				SWIFT_COMPILATION_MODE = wholemodule;
				SWIFT_OPTIMIZATION_LEVEL = "-O";
				VALIDATE_PRODUCT = YES;
			};
			name = Release;
		};
		83E79A0422C7E0A400BB2737 /* Debug */ = {
			isa = XCBuildConfiguration;
			buildSettings = {
				ASSETCATALOG_COMPILER_APPICON_NAME = AppIcon;
				CODE_SIGN_STYLE = Automatic;
				DEVELOPMENT_TEAM = 5C7PDH2R53;
				INFOPLIST_FILE = FlashUI/Info.plist;
				LD_RUNPATH_SEARCH_PATHS = (
					"$(inherited)",
					"@executable_path/Frameworks",
				);
				PRODUCT_BUNDLE_IDENTIFIER = com.upmer.FlashUI;
				PRODUCT_NAME = "$(TARGET_NAME)";
				SWIFT_VERSION = 5.0;
				TARGETED_DEVICE_FAMILY = "1,2";
			};
			name = Debug;
		};
		83E79A0522C7E0A400BB2737 /* Release */ = {
			isa = XCBuildConfiguration;
			buildSettings = {
				ASSETCATALOG_COMPILER_APPICON_NAME = AppIcon;
				CODE_SIGN_STYLE = Automatic;
				DEVELOPMENT_TEAM = 5C7PDH2R53;
				INFOPLIST_FILE = FlashUI/Info.plist;
				LD_RUNPATH_SEARCH_PATHS = (
					"$(inherited)",
					"@executable_path/Frameworks",
				);
				PRODUCT_BUNDLE_IDENTIFIER = com.upmer.FlashUI;
				PRODUCT_NAME = "$(TARGET_NAME)";
				SWIFT_VERSION = 5.0;
				TARGETED_DEVICE_FAMILY = "1,2";
			};
			name = Release;
		};
		83E79A0722C7E0A400BB2737 /* Debug */ = {
			isa = XCBuildConfiguration;
			buildSettings = {
				ALWAYS_EMBED_SWIFT_STANDARD_LIBRARIES = YES;
				BUNDLE_LOADER = "$(TEST_HOST)";
				CODE_SIGN_STYLE = Automatic;
				DEVELOPMENT_TEAM = 5C7PDH2R53;
				INFOPLIST_FILE = FlashUITests/Info.plist;
				LD_RUNPATH_SEARCH_PATHS = (
					"$(inherited)",
					"@executable_path/Frameworks",
					"@loader_path/Frameworks",
				);
				PRODUCT_BUNDLE_IDENTIFIER = com.upmer.FlashUITests;
				PRODUCT_NAME = "$(TARGET_NAME)";
				SWIFT_VERSION = 5.0;
				TARGETED_DEVICE_FAMILY = "1,2";
				TEST_HOST = "$(BUILT_PRODUCTS_DIR)/FlashUI.app/FlashUI";
			};
			name = Debug;
		};
		83E79A0822C7E0A400BB2737 /* Release */ = {
			isa = XCBuildConfiguration;
			buildSettings = {
				ALWAYS_EMBED_SWIFT_STANDARD_LIBRARIES = YES;
				BUNDLE_LOADER = "$(TEST_HOST)";
				CODE_SIGN_STYLE = Automatic;
				DEVELOPMENT_TEAM = 5C7PDH2R53;
				INFOPLIST_FILE = FlashUITests/Info.plist;
				LD_RUNPATH_SEARCH_PATHS = (
					"$(inherited)",
					"@executable_path/Frameworks",
					"@loader_path/Frameworks",
				);
				PRODUCT_BUNDLE_IDENTIFIER = com.upmer.FlashUITests;
				PRODUCT_NAME = "$(TARGET_NAME)";
				SWIFT_VERSION = 5.0;
				TARGETED_DEVICE_FAMILY = "1,2";
				TEST_HOST = "$(BUILT_PRODUCTS_DIR)/FlashUI.app/FlashUI";
			};
			name = Release;
		};
		83E79A0A22C7E0A400BB2737 /* Debug */ = {
			isa = XCBuildConfiguration;
			buildSettings = {
				ALWAYS_EMBED_SWIFT_STANDARD_LIBRARIES = YES;
				CODE_SIGN_STYLE = Automatic;
				DEVELOPMENT_TEAM = 5C7PDH2R53;
				INFOPLIST_FILE = FlashUIUITests/Info.plist;
				LD_RUNPATH_SEARCH_PATHS = (
					"$(inherited)",
					"@executable_path/Frameworks",
					"@loader_path/Frameworks",
				);
				PRODUCT_BUNDLE_IDENTIFIER = com.upmer.FlashUIUITests;
				PRODUCT_NAME = "$(TARGET_NAME)";
				SWIFT_VERSION = 5.0;
				TARGETED_DEVICE_FAMILY = "1,2";
				TEST_TARGET_NAME = FlashUI;
			};
			name = Debug;
		};
		83E79A0B22C7E0A400BB2737 /* Release */ = {
			isa = XCBuildConfiguration;
			buildSettings = {
				ALWAYS_EMBED_SWIFT_STANDARD_LIBRARIES = YES;
				CODE_SIGN_STYLE = Automatic;
				DEVELOPMENT_TEAM = 5C7PDH2R53;
				INFOPLIST_FILE = FlashUIUITests/Info.plist;
				LD_RUNPATH_SEARCH_PATHS = (
					"$(inherited)",
					"@executable_path/Frameworks",
					"@loader_path/Frameworks",
				);
				PRODUCT_BUNDLE_IDENTIFIER = com.upmer.FlashUIUITests;
				PRODUCT_NAME = "$(TARGET_NAME)";
				SWIFT_VERSION = 5.0;
				TARGETED_DEVICE_FAMILY = "1,2";
				TEST_TARGET_NAME = FlashUI;
			};
			name = Release;
		};
/* End XCBuildConfiguration section */

/* Begin XCConfigurationList section */
		83E799D622C7E0A200BB2737 /* Build configuration list for PBXProject "FlashUI" */ = {
			isa = XCConfigurationList;
			buildConfigurations = (
				83E79A0122C7E0A400BB2737 /* Debug */,
				83E79A0222C7E0A400BB2737 /* Release */,
			);
			defaultConfigurationIsVisible = 0;
			defaultConfigurationName = Release;
		};
		83E79A0322C7E0A400BB2737 /* Build configuration list for PBXNativeTarget "FlashUI" */ = {
			isa = XCConfigurationList;
			buildConfigurations = (
				83E79A0422C7E0A400BB2737 /* Debug */,
				83E79A0522C7E0A400BB2737 /* Release */,
			);
			defaultConfigurationIsVisible = 0;
			defaultConfigurationName = Release;
		};
		83E79A0622C7E0A400BB2737 /* Build configuration list for PBXNativeTarget "FlashUITests" */ = {
			isa = XCConfigurationList;
			buildConfigurations = (
				83E79A0722C7E0A400BB2737 /* Debug */,
				83E79A0822C7E0A400BB2737 /* Release */,
			);
			defaultConfigurationIsVisible = 0;
			defaultConfigurationName = Release;
		};
		83E79A0922C7E0A400BB2737 /* Build configuration list for PBXNativeTarget "FlashUIUITests" */ = {
			isa = XCConfigurationList;
			buildConfigurations = (
				83E79A0A22C7E0A400BB2737 /* Debug */,
				83E79A0B22C7E0A400BB2737 /* Release */,
			);
			defaultConfigurationIsVisible = 0;
			defaultConfigurationName = Release;
		};
/* End XCConfigurationList section */
	};
	rootObject = 83E799D322C7E0A200BB2737 /* Project object */;
}
